{
  "name": "hugo-theme-shimong",
  "version": "1.0.0",
  "lockfileVersion": 1,
  "requires": true,
  "dependencies": {
    "firacode": {
      "version": "1.205.0",
      "resolved": "https://registry.npmjs.org/firacode/-/firacode-1.205.0.tgz",
      "integrity": "sha1-SV4FLQ5VkecVNCS2+u7mOO89hZY="
    },
    "nanum-gothic-coding": {
      "version": "4.0.0",
      "resolved": "https://registry.npmjs.org/nanum-gothic-coding/-/nanum-gothic-coding-4.0.0.tgz",
      "integrity": "sha512-eyj1OrN/aM986VH/IUKuUYldrXO+gsT4MWsVMfxO0V5qSGI9DHycW6JiMapwhBvbRhf7wufkzXdj/mYWqrpZtA=="
    },
    "normalize.css": {
      "version": "8.0.1",
      "resolved": "https://registry.npmjs.org/normalize.css/-/normalize.css-8.0.1.tgz",
      "integrity": "sha512-qizSNPO93t1YUuUhP22btGOo3chcvDFqFaj2TRybP0DMxkHOCTYwp3n34fel4a31ORXy4m1Xq0Gyqpb5m33qIg=="
    }
  }
}
